# This file is automatically @generated by Cargo.
# It is not intended for manual editing.
version = 4

[[package]]
name = "nc-model"
version = "0.1.0"

[[package]]
name = "nc-packer"
version = "0.1.0"
dependencies = [
 "nc-model",
]

[[package]]
name = "nc-reference"
version = "0.1.0"
dependencies = [
 "nc-model",
]

[[package]]
name = "nc-trainer"
version = "0.1.0"
dependencies = [
 "nc-model",
]

[[package]]
name = "nc-verifier"
version = "0.1.0"
dependencies = [
 "nc-model",
]
